
Microsoft Visual Studio Solution File, Format Version 12.00
# Visual Studio 15
VisualStudioVersion = 15.0.26403.7
MinimumVisualStudioVersion = 10.0.40219.1
Project("{FAE04EC0-301F-11D3-BF4B-00C04F79EFBC}") = "QA.Base", "QA.Base\QA.Base.csproj", "{0BD52A2A-D215-4608-B23B-BB959B25FF76}"
EndProject
Project("{FAE04EC0-301F-11D3-BF4B-00C04F79EFBC}") = "QA.Test", "QA.Test\QA.Test.csproj", "{583403AD-B5C1-42FD-8246-BADF7B60FE07}"
EndProject
Global
	GlobalSection(SolutionConfigurationPlatforms) = preSolution
		Debug|Any CPU = Debug|Any CPU
		Release|Any CPU = Release|Any CPU
	EndGlobalSection
	GlobalSection(ProjectConfigurationPlatforms) = postSolution
		{0BD52A2A-D215-4608-B23B-BB959B25FF76}.Debug|Any CPU.ActiveCfg = Debug|Any CPU
		{0BD52A2A-D215-4608-B23B-BB959B25FF76}.Debug|Any CPU.Build.0 = Debug|Any CPU
		{0BD52A2A-D215-4608-B23B-BB959B25FF76}.Release|Any CPU.ActiveCfg = Release|Any CPU
		{0BD52A2A-D215-4608-B23B-BB959B25FF76}.Release|Any CPU.Build.0 = Release|Any CPU
		{583403AD-B5C1-42FD-8246-BADF7B60FE07}.Debug|Any CPU.ActiveCfg = Debug|Any CPU
		{583403AD-B5C1-42FD-8246-BADF7B60FE07}.Debug|Any CPU.Build.0 = Debug|Any CPU
		{583403AD-B5C1-42FD-8246-BADF7B60FE07}.Release|Any CPU.ActiveCfg = Release|Any CPU
		{583403AD-B5C1-42FD-8246-BADF7B60FE07}.Release|Any CPU.Build.0 = Release|Any CPU
	EndGlobalSection
	GlobalSection(SolutionProperties) = preSolution
		HideSolutionNode = FALSE
	EndGlobalSection
EndGlobal
